
Microsoft Visual Studio Solution File, Format Version 12.00
# Visual Studio Version 17
VisualStudioVersion = 17.5.33502.453
MinimumVisualStudioVersion = 10.0.40219.1
Project("{FAE04EC0-301F-11D3-BF4B-00C04F79EFBC}") = "TestAssignmentDesktop_v3", "TestAssignmentDesktop_v3\TestAssignmentDesktop_v3.csproj", "{E293F299-074D-4EBC-9650-C62AB534F8B2}"
EndProject
Global
	GlobalSection(SolutionConfigurationPlatforms) = preSolution
		Debug|Any CPU = Debug|Any CPU
		Release|Any CPU = Release|Any CPU
	EndGlobalSection
	GlobalSection(ProjectConfigurationPlatforms) = postSolution
		{E293F299-074D-4EBC-9650-C62AB534F8B2}.Debug|Any CPU.ActiveCfg = Debug|Any CPU
		{E293F299-074D-4EBC-9650-C62AB534F8B2}.Debug|Any CPU.Build.0 = Debug|Any CPU
		{E293F299-074D-4EBC-9650-C62AB534F8B2}.Release|Any CPU.ActiveCfg = Release|Any CPU
		{E293F299-074D-4EBC-9650-C62AB534F8B2}.Release|Any CPU.Build.0 = Release|Any CPU
	EndGlobalSection
	GlobalSection(SolutionProperties) = preSolution
		HideSolutionNode = FALSE
	EndGlobalSection
	GlobalSection(ExtensibilityGlobals) = postSolution
		SolutionGuid = {4E71AA86-63FB-45A0-A0DE-BD35BDC6FC76}
	EndGlobalSection
EndGlobal
